
Microsoft Visual Studio Solution File, Format Version 12.00
# Visual Studio Version 17
VisualStudioVersion = 17.14.36717.8 d17.14
MinimumVisualStudioVersion = 10.0.40219.1
Project("{FAE04EC0-301F-11D3-BF4B-00C04F79EFBC}") = "Rename", "Rename.csproj", "{127CAB8C-8B44-47A0-91A3-3C60DFF925A5}"
EndProject
Global
	GlobalSection(SolutionConfigurationPlatforms) = preSolution
		Debug|Any CPU = Debug|Any CPU
		Release|Any CPU = Release|Any CPU
	EndGlobalSection
	GlobalSection(ProjectConfigurationPlatforms) = postSolution
		{127CAB8C-8B44-47A0-91A3-3C60DFF925A5}.Debug|Any CPU.ActiveCfg = Debug|Any CPU
		{127CAB8C-8B44-47A0-91A3-3C60DFF925A5}.Debug|Any CPU.Build.0 = Debug|Any CPU
		{127CAB8C-8B44-47A0-91A3-3C60DFF925A5}.Release|Any CPU.ActiveCfg = Release|Any CPU
		{127CAB8C-8B44-47A0-91A3-3C60DFF925A5}.Release|Any CPU.Build.0 = Release|Any CPU
	EndGlobalSection
	GlobalSection(SolutionProperties) = preSolution
		HideSolutionNode = FALSE
	EndGlobalSection
	GlobalSection(ExtensibilityGlobals) = postSolution
		SolutionGuid = {C28C1227-F225-47E6-BD3E-713F7C8F1059}
	EndGlobalSection
EndGlobal
